
Microsoft Visual Studio Solution File, Format Version 12.00
# Visual Studio Version 17
VisualStudioVersion = 17.3.32922.545
MinimumVisualStudioVersion = 10.0.40219.1
Project("{FAE04EC0-301F-11D3-BF4B-00C04F79EFBC}") = "OutageTrackerApi", "OutageTrackerApi.csproj", "{9FE2FD5C-3CEE-4C64-9E85-728C684F3966}"
EndProject
Global
	GlobalSection(SolutionConfigurationPlatforms) = preSolution
		Debug|Any CPU = Debug|Any CPU
		Release|Any CPU = Release|Any CPU
	EndGlobalSection
	GlobalSection(ProjectConfigurationPlatforms) = postSolution
		{9FE2FD5C-3CEE-4C64-9E85-728C684F3966}.Debug|Any CPU.ActiveCfg = Debug|Any CPU
		{9FE2FD5C-3CEE-4C64-9E85-728C684F3966}.Debug|Any CPU.Build.0 = Debug|Any CPU
		{9FE2FD5C-3CEE-4C64-9E85-728C684F3966}.Release|Any CPU.ActiveCfg = Release|Any CPU
		{9FE2FD5C-3CEE-4C64-9E85-728C684F3966}.Release|Any CPU.Build.0 = Release|Any CPU
	EndGlobalSection
	GlobalSection(SolutionProperties) = preSolution
		HideSolutionNode = FALSE
	EndGlobalSection
	GlobalSection(ExtensibilityGlobals) = postSolution
		SolutionGuid = {878BE970-FD3F-4A1A-BC34-0DFD9F68EB01}
	EndGlobalSection
EndGlobal
